
Microsoft Visual Studio Solution File, Format Version 12.00
# Visual Studio Version 17
VisualStudioVersion = 17.8.34408.163
MinimumVisualStudioVersion = 10.0.40219.1
Project("{FAE04EC0-301F-11D3-BF4B-00C04F79EFBC}") = "Test", "Test\Test.csproj", "{A9A5C017-9491-43FA-B462-0803DD3705F7}"
EndProject
Project("{FAE04EC0-301F-11D3-BF4B-00C04F79EFBC}") = "Day 10", "Day 10\Day 10.csproj", "{E6258410-3376-4B10-A7F4-0268ECF41232}"
EndProject
Project("{FAE04EC0-301F-11D3-BF4B-00C04F79EFBC}") = "Day 11", "Day 11\Day 11.csproj", "{50027151-2B61-4A77-8F05-BDB22BBBEC3A}"
EndProject
Project("{FAE04EC0-301F-11D3-BF4B-00C04F79EFBC}") = "Day 01", "Day 01\Day 01.csproj", "{A09B3498-0889-4D89-9624-36CA8882C1FC}"
EndProject
Project("{FAE04EC0-301F-11D3-BF4B-00C04F79EFBC}") = "Day 02", "Day 02\Day 02.csproj", "{B43E6F59-7CBC-42AE-8D7F-DB135AFFA9A0}"
EndProject
Project("{FAE04EC0-301F-11D3-BF4B-00C04F79EFBC}") = "Day 03", "Day 03\Day 03.csproj", "{5017167B-A54F-4A21-A04E-319658DD202C}"
EndProject
Project("{FAE04EC0-301F-11D3-BF4B-00C04F79EFBC}") = "Day 04", "Day 04\Day 04.csproj", "{27D9E974-9693-42FB-ADC7-DFA3733CEA2D}"
EndProject
Project("{FAE04EC0-301F-11D3-BF4B-00C04F79EFBC}") = "Day 05", "Day 05\Day 05.csproj", "{363B3CEA-C9ED-4046-BBC2-8EECD2AE71B4}"
EndProject
Project("{FAE04EC0-301F-11D3-BF4B-00C04F79EFBC}") = "Day 06", "Day 06\Day 06.csproj", "{FBB0A609-CD22-48F1-97F0-789581C75BD7}"
EndProject
Project("{FAE04EC0-301F-11D3-BF4B-00C04F79EFBC}") = "Day 07&08", "Day 07&08\Day 07&08.csproj", "{FD3586CF-A0FC-4B84-9569-954C6D0A8EBB}"
EndProject
Project("{FAE04EC0-301F-11D3-BF4B-00C04F79EFBC}") = "Day 09", "Day 09\Day 09.csproj", "{1C558B6F-A2A4-4963-B03F-3F765D4FB0A4}"
EndProject
Project("{FAE04EC0-301F-11D3-BF4B-00C04F79EFBC}") = "Day 12", "Day 12\Day 12.csproj", "{F36CF665-E639-4459-B26F-D862B3124856}"
EndProject
Project("{FAE04EC0-301F-11D3-BF4B-00C04F79EFBC}") = "Day 13", "Day 13\Day 13.csproj", "{02464406-D955-40E6-978F-02DB6E30CC9D}"
EndProject
Project("{2150E333-8FDC-42A3-9474-1A3956D46DE8}") = "Day 14", "Day 14", "{5A26AE3A-C5ED-415D-BF05-86EF3E80FED6}"
EndProject
Project("{FAE04EC0-301F-11D3-BF4B-00C04F79EFBC}") = "DAL", "Day 14\DAL\DAL.csproj", "{E4A2E3EF-CA6A-4363-BEAB-CEF9F2E37AD4}"
EndProject
Project("{FAE04EC0-301F-11D3-BF4B-00C04F79EFBC}") = "BLL", "Day 14\BLL\BLL.csproj", "{00A84388-9DC2-449E-B30D-31E9133C907B}"
EndProject
Project("{FAE04EC0-301F-11D3-BF4B-00C04F79EFBC}") = "UAL", "Day 14\UAL\UAL.csproj", "{A07142C9-6E2F-44AF-B5AD-B8314EE44D32}"
EndProject
Project("{2150E333-8FDC-42A3-9474-1A3956D46DE8}") = "Day 15", "Day 15", "{6A05F8B2-DD09-4C21-BDA3-2344F3272563}"
EndProject
Project("{FAE04EC0-301F-11D3-BF4B-00C04F79EFBC}") = "UAL", "Day 15\UAL\UAL.csproj", "{14CD94C3-E392-40C8-8609-76A64D28F193}"
EndProject
Project("{FAE04EC0-301F-11D3-BF4B-00C04F79EFBC}") = "BLL", "Day 15\BLL\BLL.csproj", "{24CBD561-437C-4764-AAA7-1D41CD732E75}"
EndProject
Project("{FAE04EC0-301F-11D3-BF4B-00C04F79EFBC}") = "HotelManagement", "Day 16\HotelManagement\HotelManagement.csproj", "{BB7B1851-44AD-497D-A46E-4825265519E3}"
EndProject
Project("{2150E333-8FDC-42A3-9474-1A3956D46DE8}") = "Day 16", "Day 16", "{961E8DAB-EE0C-441F-A64C-E7605BA60AFD}"
EndProject
Project("{FAE04EC0-301F-11D3-BF4B-00C04F79EFBC}") = "DAL", "Day 16\DAL\DAL.csproj", "{960D3E74-5DA3-4CF9-B626-04A33A694D97}"
EndProject
Project("{2150E333-8FDC-42A3-9474-1A3956D46DE8}") = "Day 17", "Day 17", "{EB0BCD1F-59E7-479E-A31D-6F81970BCC47}"
EndProject
Project("{FAE04EC0-301F-11D3-BF4B-00C04F79EFBC}") = "Day 17", "Day 17\Day 17.csproj", "{F1431493-71CB-4821-96D2-E369FC5CEB95}"
EndProject
Project("{2150E333-8FDC-42A3-9474-1A3956D46DE8}") = "Day 18 DP", "Day 18 DP", "{E0F78423-8B46-41CB-8D87-1EA671EA33BC}"
	ProjectSection(SolutionItems) = preProject
		C:\Users\JustOmar21\Downloads\DP Lect & Lab D01.pdf = C:\Users\JustOmar21\Downloads\DP Lect & Lab D01.pdf
	EndProjectSection
EndProject
Project("{2150E333-8FDC-42A3-9474-1A3956D46DE8}") = "Day 19 DP", "Day 19 DP", "{427AD29E-5F37-4488-BACB-0774621F9BF4}"
EndProject
Project("{FAE04EC0-301F-11D3-BF4B-00C04F79EFBC}") = "BuilderTask", "Day 18 DP\BuilderTask\BuilderTask.csproj", "{BF6663BE-53EC-4EB9-8643-A3D6A519D73F}"
EndProject
Project("{FAE04EC0-301F-11D3-BF4B-00C04F79EFBC}") = "DecoratorTask", "Day 18 DP\DecoratorTask\DecoratorTask.csproj", "{DEE11F50-8D91-41C9-9CC7-82EE17DD8E9B}"
EndProject
Project("{FAE04EC0-301F-11D3-BF4B-00C04F79EFBC}") = "ObserverTask", "Day 18 DP\ObserverTask\ObserverTask.csproj", "{FCA9F0DF-E561-440E-9CEC-98C20C2E0F47}"
EndProject
Project("{FAE04EC0-301F-11D3-BF4B-00C04F79EFBC}") = "StrategyTask", "Day 18 DP\StrategyTask\StrategyTask.csproj", "{B8E69E0E-65A2-4122-9F5E-F42FF1525C4D}"
EndProject
Project("{FAE04EC0-301F-11D3-BF4B-00C04F79EFBC}") = "WeatherTask", "Day 18 DP\WeatherTask\WeatherTask.csproj", "{BB83D954-2308-4A34-A769-39DF1A0457E5}"
EndProject
Project("{FAE04EC0-301F-11D3-BF4B-00C04F79EFBC}") = "Iterator", "Day 19 DP\Iterator\Iterator.csproj", "{4CDA2E8D-EEB8-4845-BBFB-994CCA5D6A7E}"
EndProject
Global
	GlobalSection(SolutionConfigurationPlatforms) = preSolution
		Debug|Any CPU = Debug|Any CPU
		Release|Any CPU = Release|Any CPU
	EndGlobalSection
	GlobalSection(ProjectConfigurationPlatforms) = postSolution
		{A9A5C017-9491-43FA-B462-0803DD3705F7}.Debug|Any CPU.ActiveCfg = Debug|Any CPU
		{A9A5C017-9491-43FA-B462-0803DD3705F7}.Debug|Any CPU.Build.0 = Debug|Any CPU
		{A9A5C017-9491-43FA-B462-0803DD3705F7}.Release|Any CPU.ActiveCfg = Release|Any CPU
		{A9A5C017-9491-43FA-B462-0803DD3705F7}.Release|Any CPU.Build.0 = Release|Any CPU
		{E6258410-3376-4B10-A7F4-0268ECF41232}.Debug|Any CPU.ActiveCfg = Debug|Any CPU
		{E6258410-3376-4B10-A7F4-0268ECF41232}.Debug|Any CPU.Build.0 = Debug|Any CPU
		{E6258410-3376-4B10-A7F4-0268ECF41232}.Release|Any CPU.ActiveCfg = Release|Any CPU
		{E6258410-3376-4B10-A7F4-0268ECF41232}.Release|Any CPU.Build.0 = Release|Any CPU
		{50027151-2B61-4A77-8F05-BDB22BBBEC3A}.Debug|Any CPU.ActiveCfg = Debug|Any CPU
		{50027151-2B61-4A77-8F05-BDB22BBBEC3A}.Debug|Any CPU.Build.0 = Debug|Any CPU
		{50027151-2B61-4A77-8F05-BDB22BBBEC3A}.Release|Any CPU.ActiveCfg = Release|Any CPU
		{50027151-2B61-4A77-8F05-BDB22BBBEC3A}.Release|Any CPU.Build.0 = Release|Any CPU
		{A09B3498-0889-4D89-9624-36CA8882C1FC}.Debug|Any CPU.ActiveCfg = Debug|Any CPU
		{A09B3498-0889-4D89-9624-36CA8882C1FC}.Debug|Any CPU.Build.0 = Debug|Any CPU
		{A09B3498-0889-4D89-9624-36CA8882C1FC}.Release|Any CPU.ActiveCfg = Release|Any CPU
		{A09B3498-0889-4D89-9624-36CA8882C1FC}.Release|Any CPU.Build.0 = Release|Any CPU
		{B43E6F59-7CBC-42AE-8D7F-DB135AFFA9A0}.Debug|Any CPU.ActiveCfg = Debug|Any CPU
		{B43E6F59-7CBC-42AE-8D7F-DB135AFFA9A0}.Debug|Any CPU.Build.0 = Debug|Any CPU
		{B43E6F59-7CBC-42AE-8D7F-DB135AFFA9A0}.Release|Any CPU.ActiveCfg = Release|Any CPU
		{B43E6F59-7CBC-42AE-8D7F-DB135AFFA9A0}.Release|Any CPU.Build.0 = Release|Any CPU
		{5017167B-A54F-4A21-A04E-319658DD202C}.Debug|Any CPU.ActiveCfg = Debug|Any CPU
		{5017167B-A54F-4A21-A04E-319658DD202C}.Debug|Any CPU.Build.0 = Debug|Any CPU
		{5017167B-A54F-4A21-A04E-319658DD202C}.Release|Any CPU.ActiveCfg = Release|Any CPU
		{5017167B-A54F-4A21-A04E-319658DD202C}.Release|Any CPU.Build.0 = Release|Any CPU
		{27D9E974-9693-42FB-ADC7-DFA3733CEA2D}.Debug|Any CPU.ActiveCfg = Debug|Any CPU
		{27D9E974-9693-42FB-ADC7-DFA3733CEA2D}.Debug|Any CPU.Build.0 = Debug|Any CPU
		{27D9E974-9693-42FB-ADC7-DFA3733CEA2D}.Release|Any CPU.ActiveCfg = Release|Any CPU
		{27D9E974-9693-42FB-ADC7-DFA3733CEA2D}.Release|Any CPU.Build.0 = Release|Any CPU
		{363B3CEA-C9ED-4046-BBC2-8EECD2AE71B4}.Debug|Any CPU.ActiveCfg = Debug|Any CPU
		{363B3CEA-C9ED-4046-BBC2-8EECD2AE71B4}.Debug|Any CPU.Build.0 = Debug|Any CPU
		{363B3CEA-C9ED-4046-BBC2-8EECD2AE71B4}.Release|Any CPU.ActiveCfg = Release|Any CPU
		{363B3CEA-C9ED-4046-BBC2-8EECD2AE71B4}.Release|Any CPU.Build.0 = Release|Any CPU
		{FBB0A609-CD22-48F1-97F0-789581C75BD7}.Debug|Any CPU.ActiveCfg = Debug|Any CPU
		{FBB0A609-CD22-48F1-97F0-789581C75BD7}.Debug|Any CPU.Build.0 = Debug|Any CPU
		{FBB0A609-CD22-48F1-97F0-789581C75BD7}.Release|Any CPU.ActiveCfg = Release|Any CPU
		{FBB0A609-CD22-48F1-97F0-789581C75BD7}.Release|Any CPU.Build.0 = Release|Any CPU
		{FD3586CF-A0FC-4B84-9569-954C6D0A8EBB}.Debug|Any CPU.ActiveCfg = Debug|Any CPU
		{FD3586CF-A0FC-4B84-9569-954C6D0A8EBB}.Debug|Any CPU.Build.0 = Debug|Any CPU
		{FD3586CF-A0FC-4B84-9569-954C6D0A8EBB}.Release|Any CPU.ActiveCfg = Release|Any CPU
		{FD3586CF-A0FC-4B84-9569-954C6D0A8EBB}.Release|Any CPU.Build.0 = Release|Any CPU
		{1C558B6F-A2A4-4963-B03F-3F765D4FB0A4}.Debug|Any CPU.ActiveCfg = Debug|Any CPU
		{1C558B6F-A2A4-4963-B03F-3F765D4FB0A4}.Debug|Any CPU.Build.0 = Debug|Any CPU
		{1C558B6F-A2A4-4963-B03F-3F765D4FB0A4}.Release|Any CPU.ActiveCfg = Release|Any CPU
		{1C558B6F-A2A4-4963-B03F-3F765D4FB0A4}.Release|Any CPU.Build.0 = Release|Any CPU
		{F36CF665-E639-4459-B26F-D862B3124856}.Debug|Any CPU.ActiveCfg = Debug|Any CPU
		{F36CF665-E639-4459-B26F-D862B3124856}.Debug|Any CPU.Build.0 = Debug|Any CPU
		{F36CF665-E639-4459-B26F-D862B3124856}.Release|Any CPU.ActiveCfg = Release|Any CPU
		{F36CF665-E639-4459-B26F-D862B3124856}.Release|Any CPU.Build.0 = Release|Any CPU
		{02464406-D955-40E6-978F-02DB6E30CC9D}.Debug|Any CPU.ActiveCfg = Debug|Any CPU
		{02464406-D955-40E6-978F-02DB6E30CC9D}.Debug|Any CPU.Build.0 = Debug|Any CPU
		{02464406-D955-40E6-978F-02DB6E30CC9D}.Release|Any CPU.ActiveCfg = Release|Any CPU
		{02464406-D955-40E6-978F-02DB6E30CC9D}.Release|Any CPU.Build.0 = Release|Any CPU
		{E4A2E3EF-CA6A-4363-BEAB-CEF9F2E37AD4}.Debug|Any CPU.ActiveCfg = Debug|Any CPU
		{E4A2E3EF-CA6A-4363-BEAB-CEF9F2E37AD4}.Debug|Any CPU.Build.0 = Debug|Any CPU
		{E4A2E3EF-CA6A-4363-BEAB-CEF9F2E37AD4}.Release|Any CPU.ActiveCfg = Release|Any CPU
		{E4A2E3EF-CA6A-4363-BEAB-CEF9F2E37AD4}.Release|Any CPU.Build.0 = Release|Any CPU
		{00A84388-9DC2-449E-B30D-31E9133C907B}.Debug|Any CPU.ActiveCfg = Debug|Any CPU
		{00A84388-9DC2-449E-B30D-31E9133C907B}.Debug|Any CPU.Build.0 = Debug|Any CPU
		{00A84388-9DC2-449E-B30D-31E9133C907B}.Release|Any CPU.ActiveCfg = Release|Any CPU
		{00A84388-9DC2-449E-B30D-31E9133C907B}.Release|Any CPU.Build.0 = Release|Any CPU
		{A07142C9-6E2F-44AF-B5AD-B8314EE44D32}.Debug|Any CPU.ActiveCfg = Debug|Any CPU
		{A07142C9-6E2F-44AF-B5AD-B8314EE44D32}.Debug|Any CPU.Build.0 = Debug|Any CPU
		{A07142C9-6E2F-44AF-B5AD-B8314EE44D32}.Release|Any CPU.ActiveCfg = Release|Any CPU
		{A07142C9-6E2F-44AF-B5AD-B8314EE44D32}.Release|Any CPU.Build.0 = Release|Any CPU
		{14CD94C3-E392-40C8-8609-76A64D28F193}.Debug|Any CPU.ActiveCfg = Debug|Any CPU
		{14CD94C3-E392-40C8-8609-76A64D28F193}.Debug|Any CPU.Build.0 = Debug|Any CPU
		{14CD94C3-E392-40C8-8609-76A64D28F193}.Release|Any CPU.ActiveCfg = Release|Any CPU
		{14CD94C3-E392-40C8-8609-76A64D28F193}.Release|Any CPU.Build.0 = Release|Any CPU
		{24CBD561-437C-4764-AAA7-1D41CD732E75}.Debug|Any CPU.ActiveCfg = Debug|Any CPU
		{24CBD561-437C-4764-AAA7-1D41CD732E75}.Debug|Any CPU.Build.0 = Debug|Any CPU
		{24CBD561-437C-4764-AAA7-1D41CD732E75}.Release|Any CPU.ActiveCfg = Release|Any CPU
		{24CBD561-437C-4764-AAA7-1D41CD732E75}.Release|Any CPU.Build.0 = Release|Any CPU
		{BB7B1851-44AD-497D-A46E-4825265519E3}.Debug|Any CPU.ActiveCfg = Debug|Any CPU
		{BB7B1851-44AD-497D-A46E-4825265519E3}.Debug|Any CPU.Build.0 = Debug|Any CPU
		{BB7B1851-44AD-497D-A46E-4825265519E3}.Release|Any CPU.ActiveCfg = Release|Any CPU
		{BB7B1851-44AD-497D-A46E-4825265519E3}.Release|Any CPU.Build.0 = Release|Any CPU
		{960D3E74-5DA3-4CF9-B626-04A33A694D97}.Debug|Any CPU.ActiveCfg = Debug|Any CPU
		{960D3E74-5DA3-4CF9-B626-04A33A694D97}.Debug|Any CPU.Build.0 = Debug|Any CPU
		{960D3E74-5DA3-4CF9-B626-04A33A694D97}.Release|Any CPU.ActiveCfg = Release|Any CPU
		{960D3E74-5DA3-4CF9-B626-04A33A694D97}.Release|Any CPU.Build.0 = Release|Any CPU
		{F1431493-71CB-4821-96D2-E369FC5CEB95}.Debug|Any CPU.ActiveCfg = Debug|Any CPU
		{F1431493-71CB-4821-96D2-E369FC5CEB95}.Debug|Any CPU.Build.0 = Debug|Any CPU
		{F1431493-71CB-4821-96D2-E369FC5CEB95}.Release|Any CPU.ActiveCfg = Release|Any CPU
		{F1431493-71CB-4821-96D2-E369FC5CEB95}.Release|Any CPU.Build.0 = Release|Any CPU
		{BF6663BE-53EC-4EB9-8643-A3D6A519D73F}.Debug|Any CPU.ActiveCfg = Debug|Any CPU
		{BF6663BE-53EC-4EB9-8643-A3D6A519D73F}.Debug|Any CPU.Build.0 = Debug|Any CPU
		{BF6663BE-53EC-4EB9-8643-A3D6A519D73F}.Release|Any CPU.ActiveCfg = Release|Any CPU
		{BF6663BE-53EC-4EB9-8643-A3D6A519D73F}.Release|Any CPU.Build.0 = Release|Any CPU
		{DEE11F50-8D91-41C9-9CC7-82EE17DD8E9B}.Debug|Any CPU.ActiveCfg = Debug|Any CPU
		{DEE11F50-8D91-41C9-9CC7-82EE17DD8E9B}.Debug|Any CPU.Build.0 = Debug|Any CPU
		{DEE11F50-8D91-41C9-9CC7-82EE17DD8E9B}.Release|Any CPU.ActiveCfg = Release|Any CPU
		{DEE11F50-8D91-41C9-9CC7-82EE17DD8E9B}.Release|Any CPU.Build.0 = Release|Any CPU
		{FCA9F0DF-E561-440E-9CEC-98C20C2E0F47}.Debug|Any CPU.ActiveCfg = Debug|Any CPU
		{FCA9F0DF-E561-440E-9CEC-98C20C2E0F47}.Debug|Any CPU.Build.0 = Debug|Any CPU
		{FCA9F0DF-E561-440E-9CEC-98C20C2E0F47}.Release|Any CPU.ActiveCfg = Release|Any CPU
		{FCA9F0DF-E561-440E-9CEC-98C20C2E0F47}.Release|Any CPU.Build.0 = Release|Any CPU
		{B8E69E0E-65A2-4122-9F5E-F42FF1525C4D}.Debug|Any CPU.ActiveCfg = Debug|Any CPU
		{B8E69E0E-65A2-4122-9F5E-F42FF1525C4D}.Debug|Any CPU.Build.0 = Debug|Any CPU
		{B8E69E0E-65A2-4122-9F5E-F42FF1525C4D}.Release|Any CPU.ActiveCfg = Release|Any CPU
		{B8E69E0E-65A2-4122-9F5E-F42FF1525C4D}.Release|Any CPU.Build.0 = Release|Any CPU
		{BB83D954-2308-4A34-A769-39DF1A0457E5}.Debug|Any CPU.ActiveCfg = Debug|Any CPU
		{BB83D954-2308-4A34-A769-39DF1A0457E5}.Debug|Any CPU.Build.0 = Debug|Any CPU
		{BB83D954-2308-4A34-A769-39DF1A0457E5}.Release|Any CPU.ActiveCfg = Release|Any CPU
		{BB83D954-2308-4A34-A769-39DF1A0457E5}.Release|Any CPU.Build.0 = Release|Any CPU
		{4CDA2E8D-EEB8-4845-BBFB-994CCA5D6A7E}.Debug|Any CPU.ActiveCfg = Debug|Any CPU
		{4CDA2E8D-EEB8-4845-BBFB-994CCA5D6A7E}.Debug|Any CPU.Build.0 = Debug|Any CPU
		{4CDA2E8D-EEB8-4845-BBFB-994CCA5D6A7E}.Release|Any CPU.ActiveCfg = Release|Any CPU
		{4CDA2E8D-EEB8-4845-BBFB-994CCA5D6A7E}.Release|Any CPU.Build.0 = Release|Any CPU
	EndGlobalSection
	GlobalSection(SolutionProperties) = preSolution
		HideSolutionNode = FALSE
	EndGlobalSection
	GlobalSection(NestedProjects) = preSolution
		{E4A2E3EF-CA6A-4363-BEAB-CEF9F2E37AD4} = {5A26AE3A-C5ED-415D-BF05-86EF3E80FED6}
		{00A84388-9DC2-449E-B30D-31E9133C907B} = {5A26AE3A-C5ED-415D-BF05-86EF3E80FED6}
		{A07142C9-6E2F-44AF-B5AD-B8314EE44D32} = {5A26AE3A-C5ED-415D-BF05-86EF3E80FED6}
		{14CD94C3-E392-40C8-8609-76A64D28F193} = {6A05F8B2-DD09-4C21-BDA3-2344F3272563}
		{24CBD561-437C-4764-AAA7-1D41CD732E75} = {6A05F8B2-DD09-4C21-BDA3-2344F3272563}
		{BB7B1851-44AD-497D-A46E-4825265519E3} = {961E8DAB-EE0C-441F-A64C-E7605BA60AFD}
		{960D3E74-5DA3-4CF9-B626-04A33A694D97} = {961E8DAB-EE0C-441F-A64C-E7605BA60AFD}
		{F1431493-71CB-4821-96D2-E369FC5CEB95} = {EB0BCD1F-59E7-479E-A31D-6F81970BCC47}
		{BF6663BE-53EC-4EB9-8643-A3D6A519D73F} = {E0F78423-8B46-41CB-8D87-1EA671EA33BC}
		{DEE11F50-8D91-41C9-9CC7-82EE17DD8E9B} = {E0F78423-8B46-41CB-8D87-1EA671EA33BC}
		{FCA9F0DF-E561-440E-9CEC-98C20C2E0F47} = {E0F78423-8B46-41CB-8D87-1EA671EA33BC}
		{B8E69E0E-65A2-4122-9F5E-F42FF1525C4D} = {E0F78423-8B46-41CB-8D87-1EA671EA33BC}
		{BB83D954-2308-4A34-A769-39DF1A0457E5} = {E0F78423-8B46-41CB-8D87-1EA671EA33BC}
		{4CDA2E8D-EEB8-4845-BBFB-994CCA5D6A7E} = {427AD29E-5F37-4488-BACB-0774621F9BF4}
	EndGlobalSection
	GlobalSection(ExtensibilityGlobals) = postSolution
		SolutionGuid = {C8C1FE47-E66F-4C80-99CA-1C02EB74E64D}
	EndGlobalSection
EndGlobal
